PODS:
  - AWSCore (2.39.0)
  - AWSS3 (2.39.0):
    - AWSCore (= 2.39.0)

DEPENDENCIES:
  - AWSCore
  - AWSS3

SPEC REPOS:
  trunk:
    - AWSCore
    - AWSS3

SPEC CHECKSUMS:
  AWSCore: b57f3e105f5e4c910e9e26e644c49bd62817e63e
  AWSS3: cb8b74600f24482a60d8b529408cc2600b6fe281

PODFILE CHECKSUM: 6bcadfdeabacb05b1247554422b15ae01ebeb8db

COCOAPODS: 1.15.2
