PODS:
  - AWSCore (2.40.2)
  - AWSS3 (2.40.2):
    - AWSCore (= 2.40.2)

DEPENDENCIES:
  - AWSCore
  - AWSS3

SPEC REPOS:
  trunk:
    - AWSCore
    - AWSS3

SPEC CHECKSUMS:
  AWSCore: 3d4b9508d6bc57d83d4efd44044e726dfd6c0cd1
  AWSS3: 20c6f122e962cdf6ddaf60f52422bb94da584026

PODFILE CHECKSUM: 6bcadfdeabacb05b1247554422b15ae01ebeb8db

COCOAPODS: 1.16.2
